
Microsoft Visual Studio Solution File, Format Version 12.00
# Visual Studio 2012
Project("{FAE04EC0-301F-11D3-BF4B-00C04F79EFBC}") = "Prova", "Prova\Prova.csproj", "{211488F1-FCED-40F1-9934-0DCA55226821}"
EndProject
Global
	GlobalSection(CodealikeProperties) = postSolution
		SolutionGuid = 34d9b100-bb4d-476c-b0fe-bf0fa5d7b9d1
	EndGlobalSection
	GlobalSection(SolutionConfigurationPlatforms) = preSolution
		Debug|Any CPU = Debug|Any CPU
		Release|Any CPU = Release|Any CPU
	EndGlobalSection
	GlobalSection(ProjectConfigurationPlatforms) = postSolution
		{211488F1-FCED-40F1-9934-0DCA55226821}.Debug|Any CPU.ActiveCfg = Debug|Any CPU
		{211488F1-FCED-40F1-9934-0DCA55226821}.Debug|Any CPU.Build.0 = Debug|Any CPU
		{211488F1-FCED-40F1-9934-0DCA55226821}.Release|Any CPU.ActiveCfg = Release|Any CPU
		{211488F1-FCED-40F1-9934-0DCA55226821}.Release|Any CPU.Build.0 = Release|Any CPU
	EndGlobalSection
	GlobalSection(SolutionProperties) = preSolution
		HideSolutionNode = FALSE
	EndGlobalSection
EndGlobal
